
Microsoft Visual Studio Solution File, Format Version 11.00
# Visual Studio 2010
Project("{FAE04EC0-301F-11D3-BF4B-00C04F79EFBC}") = "Panel", "Panel\Panel.csproj", "{8AE754DC-2F84-4C00-9DE5-0732FB13826C}"
EndProject
Global
	GlobalSection(SolutionConfigurationPlatforms) = preSolution
		Debug|Any CPU = Debug|Any CPU
		Release|Any CPU = Release|Any CPU
	EndGlobalSection
	GlobalSection(ProjectConfigurationPlatforms) = postSolution
		{8AE754DC-2F84-4C00-9DE5-0732FB13826C}.Debug|Any CPU.ActiveCfg = Debug|Any CPU
		{8AE754DC-2F84-4C00-9DE5-0732FB13826C}.Debug|Any CPU.Build.0 = Debug|Any CPU
		{8AE754DC-2F84-4C00-9DE5-0732FB13826C}.Release|Any CPU.ActiveCfg = Release|Any CPU
		{8AE754DC-2F84-4C00-9DE5-0732FB13826C}.Release|Any CPU.Build.0 = Release|Any CPU
	EndGlobalSection
	GlobalSection(SolutionProperties) = preSolution
		HideSolutionNode = FALSE
	EndGlobalSection
EndGlobal
